
Microsoft Visual Studio Solution File, Format Version 12.00
# Visual Studio Version 16
VisualStudioVersion = 16.0.30907.101
MinimumVisualStudioVersion = 10.0.40219.1
Project("{9A19103F-16F7-4668-BE54-9A1E7A4F7556}") = "KampIntro", "KampIntro\KampIntro.csproj", "{9BAAA34B-625C-4744-B137-01037C25E473}"
EndProject
Project("{9A19103F-16F7-4668-BE54-9A1E7A4F7556}") = "Donguler", "Donguler\Donguler.csproj", "{86BA76F4-8552-4E48-8EF3-FBCA12A65DA7}"
EndProject
Project("{9A19103F-16F7-4668-BE54-9A1E7A4F7556}") = "ClassIntro", "ClassIntro\ClassIntro.csproj", "{7FCE1E66-45B8-467C-905A-F25C6A89CEC1}"
EndProject
Project("{9A19103F-16F7-4668-BE54-9A1E7A4F7556}") = "Methods", "Methods\Methods.csproj", "{38E0B9A2-C769-4CCD-8FDE-551CD5042BB3}"
EndProject
Project("{9A19103F-16F7-4668-BE54-9A1E7A4F7556}") = "Maths", "Maths\Maths.csproj", "{ED13328A-3A6C-4753-88B2-371C8B115A45}"
EndProject
Project("{9A19103F-16F7-4668-BE54-9A1E7A4F7556}") = "DegerVeReferansTipler", "DegerVeReferansTipler\DegerVeReferansTipler.csproj", "{0B1ACF63-737F-45AD-B769-D63CA1D50094}"
EndProject
Project("{9A19103F-16F7-4668-BE54-9A1E7A4F7556}") = "Homework-Ref-Out", "Homework-Ref-Out\Homework-Ref-Out.csproj", "{9DB49340-3B89-4E2B-A2E5-A0B024501F24}"
EndProject
Project("{9A19103F-16F7-4668-BE54-9A1E7A4F7556}") = "ClassMethodDemo", "ClassMethodDemo\ClassMethodDemo.csproj", "{CEC0DB64-08A8-4080-8EB1-340D69A88F87}"
EndProject
Project("{9A19103F-16F7-4668-BE54-9A1E7A4F7556}") = "Params", "Params\Params.csproj", "{6BC090F1-0EA7-4773-A53E-B7627D078094}"
EndProject
Project("{9A19103F-16F7-4668-BE54-9A1E7A4F7556}") = "OOP1", "OOP1\OOP1.csproj", "{6D05952B-40AF-438E-AF30-F075975D2018}"
EndProject
Project("{9A19103F-16F7-4668-BE54-9A1E7A4F7556}") = "Collections", "Collections\Collections.csproj", "{AD28AE12-EF77-4223-9405-20271DAE5B02}"
EndProject
Project("{9A19103F-16F7-4668-BE54-9A1E7A4F7556}") = "GenericsIntro", "Generics\GenericsIntro.csproj", "{9F22CACE-4FD4-41A3-B833-B70F619BA6E6}"
EndProject
Project("{FAE04EC0-301F-11D3-BF4B-00C04F79EFBC}") = "ReferenceTypes", "ReferenceTypes\ReferenceTypes.csproj", "{21A9652A-3791-4294-B728-726ED63A568A}"
EndProject
Global
	GlobalSection(SolutionConfigurationPlatforms) = preSolution
		Debug|Any CPU = Debug|Any CPU
		Release|Any CPU = Release|Any CPU
	EndGlobalSection
	GlobalSection(ProjectConfigurationPlatforms) = postSolution
		{9BAAA34B-625C-4744-B137-01037C25E473}.Debug|Any CPU.ActiveCfg = Debug|Any CPU
		{9BAAA34B-625C-4744-B137-01037C25E473}.Debug|Any CPU.Build.0 = Debug|Any CPU
		{9BAAA34B-625C-4744-B137-01037C25E473}.Release|Any CPU.ActiveCfg = Release|Any CPU
		{9BAAA34B-625C-4744-B137-01037C25E473}.Release|Any CPU.Build.0 = Release|Any CPU
		{86BA76F4-8552-4E48-8EF3-FBCA12A65DA7}.Debug|Any CPU.ActiveCfg = Debug|Any CPU
		{86BA76F4-8552-4E48-8EF3-FBCA12A65DA7}.Debug|Any CPU.Build.0 = Debug|Any CPU
		{86BA76F4-8552-4E48-8EF3-FBCA12A65DA7}.Release|Any CPU.ActiveCfg = Release|Any CPU
		{86BA76F4-8552-4E48-8EF3-FBCA12A65DA7}.Release|Any CPU.Build.0 = Release|Any CPU
		{7FCE1E66-45B8-467C-905A-F25C6A89CEC1}.Debug|Any CPU.ActiveCfg = Debug|Any CPU
		{7FCE1E66-45B8-467C-905A-F25C6A89CEC1}.Debug|Any CPU.Build.0 = Debug|Any CPU
		{7FCE1E66-45B8-467C-905A-F25C6A89CEC1}.Release|Any CPU.ActiveCfg = Release|Any CPU
		{7FCE1E66-45B8-467C-905A-F25C6A89CEC1}.Release|Any CPU.Build.0 = Release|Any CPU
		{38E0B9A2-C769-4CCD-8FDE-551CD5042BB3}.Debug|Any CPU.ActiveCfg = Debug|Any CPU
		{38E0B9A2-C769-4CCD-8FDE-551CD5042BB3}.Debug|Any CPU.Build.0 = Debug|Any CPU
		{38E0B9A2-C769-4CCD-8FDE-551CD5042BB3}.Release|Any CPU.ActiveCfg = Release|Any CPU
		{38E0B9A2-C769-4CCD-8FDE-551CD5042BB3}.Release|Any CPU.Build.0 = Release|Any CPU
		{ED13328A-3A6C-4753-88B2-371C8B115A45}.Debug|Any CPU.ActiveCfg = Debug|Any CPU
		{ED13328A-3A6C-4753-88B2-371C8B115A45}.Debug|Any CPU.Build.0 = Debug|Any CPU
		{ED13328A-3A6C-4753-88B2-371C8B115A45}.Release|Any CPU.ActiveCfg = Release|Any CPU
		{ED13328A-3A6C-4753-88B2-371C8B115A45}.Release|Any CPU.Build.0 = Release|Any CPU
		{0B1ACF63-737F-45AD-B769-D63CA1D50094}.Debug|Any CPU.ActiveCfg = Debug|Any CPU
		{0B1ACF63-737F-45AD-B769-D63CA1D50094}.Debug|Any CPU.Build.0 = Debug|Any CPU
		{0B1ACF63-737F-45AD-B769-D63CA1D50094}.Release|Any CPU.ActiveCfg = Release|Any CPU
		{0B1ACF63-737F-45AD-B769-D63CA1D50094}.Release|Any CPU.Build.0 = Release|Any CPU
		{9DB49340-3B89-4E2B-A2E5-A0B024501F24}.Debug|Any CPU.ActiveCfg = Debug|Any CPU
		{9DB49340-3B89-4E2B-A2E5-A0B024501F24}.Debug|Any CPU.Build.0 = Debug|Any CPU
		{9DB49340-3B89-4E2B-A2E5-A0B024501F24}.Release|Any CPU.ActiveCfg = Release|Any CPU
		{9DB49340-3B89-4E2B-A2E5-A0B024501F24}.Release|Any CPU.Build.0 = Release|Any CPU
		{CEC0DB64-08A8-4080-8EB1-340D69A88F87}.Debug|Any CPU.ActiveCfg = Debug|Any CPU
		{CEC0DB64-08A8-4080-8EB1-340D69A88F87}.Debug|Any CPU.Build.0 = Debug|Any CPU
		{CEC0DB64-08A8-4080-8EB1-340D69A88F87}.Release|Any CPU.ActiveCfg = Release|Any CPU
		{CEC0DB64-08A8-4080-8EB1-340D69A88F87}.Release|Any CPU.Build.0 = Release|Any CPU
		{6BC090F1-0EA7-4773-A53E-B7627D078094}.Debug|Any CPU.ActiveCfg = Debug|Any CPU
		{6BC090F1-0EA7-4773-A53E-B7627D078094}.Debug|Any CPU.Build.0 = Debug|Any CPU
		{6BC090F1-0EA7-4773-A53E-B7627D078094}.Release|Any CPU.ActiveCfg = Release|Any CPU
		{6BC090F1-0EA7-4773-A53E-B7627D078094}.Release|Any CPU.Build.0 = Release|Any CPU
		{6D05952B-40AF-438E-AF30-F075975D2018}.Debug|Any CPU.ActiveCfg = Debug|Any CPU
		{6D05952B-40AF-438E-AF30-F075975D2018}.Debug|Any CPU.Build.0 = Debug|Any CPU
		{6D05952B-40AF-438E-AF30-F075975D2018}.Release|Any CPU.ActiveCfg = Release|Any CPU
		{6D05952B-40AF-438E-AF30-F075975D2018}.Release|Any CPU.Build.0 = Release|Any CPU
		{AD28AE12-EF77-4223-9405-20271DAE5B02}.Debug|Any CPU.ActiveCfg = Debug|Any CPU
		{AD28AE12-EF77-4223-9405-20271DAE5B02}.Debug|Any CPU.Build.0 = Debug|Any CPU
		{AD28AE12-EF77-4223-9405-20271DAE5B02}.Release|Any CPU.ActiveCfg = Release|Any CPU
		{AD28AE12-EF77-4223-9405-20271DAE5B02}.Release|Any CPU.Build.0 = Release|Any CPU
		{9F22CACE-4FD4-41A3-B833-B70F619BA6E6}.Debug|Any CPU.ActiveCfg = Debug|Any CPU
		{9F22CACE-4FD4-41A3-B833-B70F619BA6E6}.Debug|Any CPU.Build.0 = Debug|Any CPU
		{9F22CACE-4FD4-41A3-B833-B70F619BA6E6}.Release|Any CPU.ActiveCfg = Release|Any CPU
		{9F22CACE-4FD4-41A3-B833-B70F619BA6E6}.Release|Any CPU.Build.0 = Release|Any CPU
		{21A9652A-3791-4294-B728-726ED63A568A}.Debug|Any CPU.ActiveCfg = Debug|Any CPU
		{21A9652A-3791-4294-B728-726ED63A568A}.Debug|Any CPU.Build.0 = Debug|Any CPU
		{21A9652A-3791-4294-B728-726ED63A568A}.Release|Any CPU.ActiveCfg = Release|Any CPU
		{21A9652A-3791-4294-B728-726ED63A568A}.Release|Any CPU.Build.0 = Release|Any CPU
	EndGlobalSection
	GlobalSection(SolutionProperties) = preSolution
		HideSolutionNode = FALSE
	EndGlobalSection
	GlobalSection(ExtensibilityGlobals) = postSolution
		SolutionGuid = {EA99ADD7-9B56-4876-9553-59D473F05629}
	EndGlobalSection
EndGlobal
